<?xml version="1.0" encoding="utf-8"?>
<Project ToolsVersion="4.0" xmlns="http://schemas.microsoft.com/developer/msbuild/2003">
  <ItemGroup>
    <Filter Include="Source Files">
      <UniqueIdentifier>{4FC737F1-C7A5-4376-A066-2A32D752A2FF}</UniqueIdentifier>
      <Extensions>cpp;c;cc;cxx;c++;cppm;ixx;def;odl;idl;hpj;bat;asm;asmx</Extensions>
    </Filter>
    <Filter Include="Header Files">
      <UniqueIdentifier>{93995380-89BD-4b04-88EB-625FBE52EBFB}</UniqueIdentifier>
      <Extensions>h;hh;hpp;hxx;h++;hm;inl;inc;ipp;xsd</Extensions>
    </Filter>
    <Filter Include="Resource Files">
      <UniqueIdentifier>{67DA6AB6-F800-4c08-8B7A-83BB121AAD01}</UniqueIdentifier>
      <Extensions>rc;ico;cur;bmp;dlg;rc2;rct;bin;rgs;gif;jpg;jpeg;jpe;resx;tiff;tif;png;wav;mfcribbon-ms</Extensions>
    </Filter>
  </ItemGroup>
  <ItemGroup>
    <ClInclude Include="src\main\cpp\UnityHeader\XR\IUnitySubsystemExample.h">
      <Filter>Header Files</Filter>
    </ClInclude>
    <ClInclude Include="src\main\cpp\UnityHeader\XR\IUnityXRAudio.h">
      <Filter>Header Files</Filter>
    </ClInclude>
    <ClInclude Include="src\main\cpp\UnityHeader\XR\IUnityXRDisplay.h">
      <Filter>Header Files</Filter>
    </ClInclude>
    <ClInclude Include="src\main\cpp\UnityHeader\XR\IUnityXRDisplayShadingRateExt.h">
      <Filter>Header Files</Filter>
    </ClInclude>
    <ClInclude Include="src\main\cpp\UnityHeader\XR\IUnityXRInput.h">
      <Filter>Header Files</Filter>
    </ClInclude>
    <ClInclude Include="src\main\cpp\UnityHeader\XR\IUnityXRMeshing.h">
      <Filter>Header Files</Filter>
    </ClInclude>
    <ClInclude Include="src\main\cpp\UnityHeader\XR\IUnityXRPreInit.h">
      <Filter>Header Files</Filter>
    </ClInclude>
    <ClInclude Include="src\main\cpp\UnityHeader\XR\IUnityXRStats.h">
      <Filter>Header Files</Filter>
    </ClInclude>
    <ClInclude Include="src\main\cpp\UnityHeader\XR\IUnityXRTrace.h">
      <Filter>Header Files</Filter>
    </ClInclude>
    <ClInclude Include="src\main\cpp\UnityHeader\XR\UnitySubsystemTypes.h">
      <Filter>Header Files</Filter>
    </ClInclude>
    <ClInclude Include="src\main\cpp\UnityHeader\XR\UnityTypes.h">
      <Filter>Header Files</Filter>
    </ClInclude>
    <ClInclude Include="src\main\cpp\UnityHeader\XR\UnityXRDisplayStats.h">
      <Filter>Header Files</Filter>
    </ClInclude>
    <ClInclude Include="src\main\cpp\UnityHeader\XR\UnityXRSubsystemTypes.h">
      <Filter>Header Files</Filter>
    </ClInclude>
    <ClInclude Include="src\main\cpp\UnityHeader\XR\UnityXRTypes.h">
      <Filter>Header Files</Filter>
    </ClInclude>
    <ClInclude Include="src\main\cpp\UnityHeader\IUnityGraphics.h">
      <Filter>Header Files</Filter>
    </ClInclude>
    <ClInclude Include="src\main\cpp\UnityHeader\IUnityInterface.h">
      <Filter>Header Files</Filter>
    </ClInclude>
    <ClInclude Include="src\main\cpp\UnityHeader\IUnityRenderingExtensions.h">
      <Filter>Header Files</Filter>
    </ClInclude>
    <ClInclude Include="src\main\cpp\Utilities\YVRGL\YVRGL.h">
      <Filter>Header Files</Filter>
    </ClInclude>
    <ClInclude Include="src\main\cpp\Utilities\YVRGL\YVRGLDrawer.h">
      <Filter>Header Files</Filter>
    </ClInclude>
    <ClInclude Include="src\main\cpp\Utilities\YVRGL\YVRGLShader.h">
      <Filter>Header Files</Filter>
    </ClInclude>
    <ClInclude Include="src\main\cpp\Utilities\YVRDebug.h">
      <Filter>Header Files</Filter>
    </ClInclude>
    <ClInclude Include="src\main\cpp\Utilities\YVRLog.h">
      <Filter>Header Files</Filter>
    </ClInclude>
    <ClInclude Include="src\main\cpp\Utilities\YVRMath.h">
      <Filter>Header Files</Filter>
    </ClInclude>
    <ClInclude Include="src\main\cpp\YVRModuleMgrs\Render\YVRCompositeRenderLayer.h">
      <Filter>Header Files</Filter>
    </ClInclude>
    <ClInclude Include="src\main\cpp\YVRModuleMgrs\Render\YVRRenderConfigsMgr.h">
      <Filter>Header Files</Filter>
    </ClInclude>
    <ClInclude Include="src\main\cpp\YVRModuleMgrs\Render\YVRRenderLayer.h">
      <Filter>Header Files</Filter>
    </ClInclude>
    <ClInclude Include="src\main\cpp\YVRModuleMgrs\Render\YVRRenderLayersMgr.h">
      <Filter>Header Files</Filter>
    </ClInclude>
    <ClInclude Include="src\main\cpp\YVRModuleMgrs\Render\YVRRenderMgr.h">
      <Filter>Header Files</Filter>
    </ClInclude>
    <ClInclude Include="src\main\cpp\YVRModuleMgrs\Render\YVRRTSwapChainMgr.h">
      <Filter>Header Files</Filter>
    </ClInclude>
    <ClInclude Include="src\main\cpp\YVRModuleMgrs\YVREventsMgr.h">
      <Filter>Header Files</Filter>
    </ClInclude>
    <ClInclude Include="src\main\cpp\YVRModuleMgrs\YVRLifecycleMgr.h">
      <Filter>Header Files</Filter>
    </ClInclude>
    <ClInclude Include="src\main\cpp\YVRModuleMgrs\YVRTrackingMgr.h">
      <Filter>Header Files</Filter>
    </ClInclude>
    <ClInclude Include="src\main\cpp\YVRModuleMgrs\YVRUnityXRProviderMgr.h">
      <Filter>Header Files</Filter>
    </ClInclude>
    <ClInclude Include="src\main\cpp\YVRUnityXR\YVRDisplayProvider.h">
      <Filter>Header Files</Filter>
    </ClInclude>
    <ClInclude Include="src\main\cpp\YVRUnityXR\YVRProviderBase.h">
      <Filter>Header Files</Filter>
    </ClInclude>
    <ClInclude Include="src\main\cpp\YVRUnityXR\YVRTrackingProvider.h">
      <Filter>Header Files</Filter>
    </ClInclude>
    <ClInclude Include="src\main\cpp\YVRData.h">
      <Filter>Header Files</Filter>
    </ClInclude>
    <ClInclude Include="src\main\cpp\YVRUnityPlugin.h">
      <Filter>Header Files</Filter>
    </ClInclude>
    <ClInclude Include="RamLog\YvrRamLog.h">
      <Filter>Header Files</Filter>
    </ClInclude>
    <ClInclude Include="ApiLibs\YvrLib\inc\YvrLib_Api.h">
      <Filter>Header Files</Filter>
    </ClInclude>
    <ClInclude Include="ApiLibs\YvrLib\inc\YvrLib_Compile.h">
      <Filter>Header Files</Filter>
    </ClInclude>
    <ClInclude Include="ApiLibs\YvrLib\inc\YvrLib_Types.h">
      <Filter>Header Files</Filter>
    </ClInclude>
    <ClInclude Include="ApiLibs\YvrLib_Internal\inc\YvrLib_Api.h">
      <Filter>Header Files</Filter>
    </ClInclude>
    <ClInclude Include="ApiLibs\YvrLib_Internal\inc\YvrLib_Api_Common.h">
      <Filter>Header Files</Filter>
    </ClInclude>
    <ClInclude Include="ApiLibs\YvrLib_Internal\inc\YvrLib_Api_Internal.h">
      <Filter>Header Files</Filter>
    </ClInclude>
    <ClInclude Include="ApiLibs\YvrLib_Internal\inc\YvrLib_Compile.h">
      <Filter>Header Files</Filter>
    </ClInclude>
    <ClInclude Include="ApiLibs\YvrLib_Internal\inc\YvrLib_Types.h">
      <Filter>Header Files</Filter>
    </ClInclude>
    <ClInclude Include="src\main\cpp\YVRModuleMgrs\Render\RenderTasks\AddActiveLayerTask.h">
      <Filter>Header Files</Filter>
    </ClInclude>
    <ClInclude Include="src\main\cpp\YVRModuleMgrs\Render\RenderTasks\CreateRenderLayerTask.h">
      <Filter>Header Files</Filter>
    </ClInclude>
    <ClInclude Include="src\main\cpp\YVRModuleMgrs\Render\RenderTasks\DeleteRenderLayerTask.h">
      <Filter>Header Files</Filter>
    </ClInclude>
    <ClInclude Include="src\main\cpp\YVRModuleMgrs\Render\RenderTasks\GfxTasksMgr.h">
      <Filter>Header Files</Filter>
    </ClInclude>
    <ClInclude Include="src\main\cpp\YVRModuleMgrs\Render\RenderTasks\RemoveActiveLayerTask.h">
      <Filter>Header Files</Filter>
    </ClInclude>
    <ClInclude Include="src\main\cpp\YVRModuleMgrs\Render\RenderTasks\SetFoveationDataEventTask.h">
      <Filter>Header Files</Filter>
    </ClInclude>
    <ClInclude Include="src\main\cpp\YVRModuleMgrs\Render\RenderTasks\SetLayerBufferIndexTask.h">
      <Filter>Header Files</Filter>
    </ClInclude>
    <ClInclude Include="src\main\cpp\YVRModuleMgrs\Render\RenderTasks\SetLayerMatrixTask.h">
      <Filter>Header Files</Filter>
    </ClInclude>
    <ClInclude Include="src\main\cpp\YVRModuleMgrs\Render\RenderTasks\TaskBase.h">
      <Filter>Header Files</Filter>
    </ClInclude>
    <ClInclude Include="src\main\cpp\YVRModuleMgrs\Render\RenderTasks\TaskQueue.h">
      <Filter>Header Files</Filter>
    </ClInclude>
    <ClInclude Include="src\main\cpp\YVRModuleMgrs\Render\RenderTasks\UpdateContent2SwapChainTask.h">
      <Filter>Header Files</Filter>
    </ClInclude>
  </ItemGroup>
  <ItemGroup>
    <ClCompile Include="src\main\cpp\Utilities\YVRGL\YVRGL.cpp">
      <Filter>Source Files</Filter>
    </ClCompile>
    <ClCompile Include="src\main\cpp\Utilities\YVRGL\YVRGLDrawer.cpp">
      <Filter>Source Files</Filter>
    </ClCompile>
    <ClCompile Include="src\main\cpp\Utilities\YVRGL\YVRGLShader.cpp">
      <Filter>Source Files</Filter>
    </ClCompile>
    <ClCompile Include="src\main\cpp\Utilities\YVRDebug.cpp">
      <Filter>Source Files</Filter>
    </ClCompile>
    <ClCompile Include="src\main\cpp\Utilities\YVRLog.cpp">
      <Filter>Source Files</Filter>
    </ClCompile>
    <ClCompile Include="src\main\cpp\YVRModuleMgrs\Render\YVRCompositeRenderLayer.cpp">
      <Filter>Source Files</Filter>
    </ClCompile>
    <ClCompile Include="src\main\cpp\YVRModuleMgrs\Render\YVRRenderConfigsMgr.cpp">
      <Filter>Source Files</Filter>
    </ClCompile>
    <ClCompile Include="src\main\cpp\YVRModuleMgrs\Render\YVRRenderLayer.cpp">
      <Filter>Source Files</Filter>
    </ClCompile>
    <ClCompile Include="src\main\cpp\YVRModuleMgrs\Render\YVRRenderLayersMgr.cpp">
      <Filter>Source Files</Filter>
    </ClCompile>
    <ClCompile Include="src\main\cpp\YVRModuleMgrs\Render\YVRRenderMgr.cpp">
      <Filter>Source Files</Filter>
    </ClCompile>
    <ClCompile Include="src\main\cpp\YVRModuleMgrs\Render\YVRRTSwapChainMgr.cpp">
      <Filter>Source Files</Filter>
    </ClCompile>
    <ClCompile Include="src\main\cpp\YVRModuleMgrs\YVREventsMgr.cpp">
      <Filter>Source Files</Filter>
    </ClCompile>
    <ClCompile Include="src\main\cpp\YVRModuleMgrs\YVRLifecycleMgr.cpp">
      <Filter>Source Files</Filter>
    </ClCompile>
    <ClCompile Include="src\main\cpp\YVRModuleMgrs\YVRTrackingMgr.cpp">
      <Filter>Source Files</Filter>
    </ClCompile>
    <ClCompile Include="src\main\cpp\YVRModuleMgrs\YVRUnityXRProviderMgr.cpp">
      <Filter>Source Files</Filter>
    </ClCompile>
    <ClCompile Include="src\main\cpp\YVRUnityXR\YVRDisplayProvider.cpp">
      <Filter>Source Files</Filter>
    </ClCompile>
    <ClCompile Include="src\main\cpp\YVRUnityXR\YVRProviderBase.cpp">
      <Filter>Source Files</Filter>
    </ClCompile>
    <ClCompile Include="src\main\cpp\YVRUnityXR\YVRTrackingProvider.cpp">
      <Filter>Source Files</Filter>
    </ClCompile>
    <ClCompile Include="src\main\cpp\YVRUnityExportAPI.cpp">
      <Filter>Source Files</Filter>
    </ClCompile>
    <ClCompile Include="src\main\cpp\YVRUnityExportAPI_Internal.cpp">
      <Filter>Source Files</Filter>
    </ClCompile>
    <ClCompile Include="src\main\cpp\YVRModuleMgrs\Render\RenderTasks\AddActiveLayerTask.cpp">
      <Filter>Source Files</Filter>
    </ClCompile>
    <ClCompile Include="src\main\cpp\YVRModuleMgrs\Render\RenderTasks\CreateRenderLayerTask.cpp">
      <Filter>Source Files</Filter>
    </ClCompile>
    <ClCompile Include="src\main\cpp\YVRModuleMgrs\Render\RenderTasks\DeleteRenderLayerTask.cpp">
      <Filter>Source Files</Filter>
    </ClCompile>
    <ClCompile Include="src\main\cpp\YVRModuleMgrs\Render\RenderTasks\GfxTasksMgr.cpp">
      <Filter>Source Files</Filter>
    </ClCompile>
    <ClCompile Include="src\main\cpp\YVRModuleMgrs\Render\RenderTasks\RemoveActiveLayerTask.cpp">
      <Filter>Source Files</Filter>
    </ClCompile>
    <ClCompile Include="src\main\cpp\YVRModuleMgrs\Render\RenderTasks\SetFoveationDataEventTask.cpp">
      <Filter>Source Files</Filter>
    </ClCompile>
    <ClCompile Include="src\main\cpp\YVRModuleMgrs\Render\RenderTasks\SetLayerBufferIndexTask.cpp">
      <Filter>Source Files</Filter>
    </ClCompile>
    <ClCompile Include="src\main\cpp\YVRModuleMgrs\Render\RenderTasks\SetLayerMatrixTask.cpp">
      <Filter>Source Files</Filter>
    </ClCompile>
    <ClCompile Include="src\main\cpp\YVRModuleMgrs\Render\RenderTasks\TaskBase.cpp">
      <Filter>Source Files</Filter>
    </ClCompile>
    <ClCompile Include="src\main\cpp\YVRModuleMgrs\Render\RenderTasks\UpdateContent2SwapChainTask.cpp">
      <Filter>Source Files</Filter>
    </ClCompile>
  </ItemGroup>
  <ItemGroup>
    <None Include="src\main\jni\Android.mk" />
    <None Include="src\main\jni\Application.mk" />
  </ItemGroup>
</Project>