<?xml version="1.0" encoding="utf-8"?>
<Project ToolsVersion="4.0" xmlns="http://schemas.microsoft.com/developer/msbuild/2003">
  <ItemGroup>
    <Filter Include="源文件">
      <UniqueIdentifier>{4FC737F1-C7A5-4376-A066-2A32D752A2FF}</UniqueIdentifier>
      <Extensions>cpp;c;cc;cxx;c++;cppm;ixx;def;odl;idl;hpj;bat;asm;asmx</Extensions>
    </Filter>
    <Filter Include="头文件">
      <UniqueIdentifier>{93995380-89BD-4b04-88EB-625FBE52EBFB}</UniqueIdentifier>
      <Extensions>h;hh;hpp;hxx;h++;hm;inl;inc;ipp;xsd</Extensions>
    </Filter>
    <Filter Include="资源文件">
      <UniqueIdentifier>{67DA6AB6-F800-4c08-8B7A-83BB121AAD01}</UniqueIdentifier>
      <Extensions>rc;ico;cur;bmp;dlg;rc2;rct;bin;rgs;gif;jpg;jpeg;jpe;resx;tiff;tif;png;wav;mfcribbon-ms</Extensions>
    </Filter>
  </ItemGroup>
  <ItemGroup>
    <ClInclude Include="Headers\XR\IUnitySubsystemExample.h">
      <Filter>头文件</Filter>
    </ClInclude>
    <ClInclude Include="Headers\XR\IUnityXRAudio.h">
      <Filter>头文件</Filter>
    </ClInclude>
    <ClInclude Include="Headers\XR\IUnityXRDisplay.h">
      <Filter>头文件</Filter>
    </ClInclude>
    <ClInclude Include="Headers\XR\IUnityXRDisplayShadingRateExt.h">
      <Filter>头文件</Filter>
    </ClInclude>
    <ClInclude Include="Headers\XR\IUnityXRInput.h">
      <Filter>头文件</Filter>
    </ClInclude>
    <ClInclude Include="Headers\XR\IUnityXRMeshing.h">
      <Filter>头文件</Filter>
    </ClInclude>
    <ClInclude Include="Headers\XR\IUnityXRPreInit.h">
      <Filter>头文件</Filter>
    </ClInclude>
    <ClInclude Include="Headers\XR\IUnityXRStats.h">
      <Filter>头文件</Filter>
    </ClInclude>
    <ClInclude Include="Headers\XR\IUnityXRTrace.h">
      <Filter>头文件</Filter>
    </ClInclude>
    <ClInclude Include="Headers\XR\UnitySubsystemTypes.h">
      <Filter>头文件</Filter>
    </ClInclude>
    <ClInclude Include="Headers\XR\UnityTypes.h">
      <Filter>头文件</Filter>
    </ClInclude>
    <ClInclude Include="Headers\XR\UnityXRDisplayStats.h">
      <Filter>头文件</Filter>
    </ClInclude>
    <ClInclude Include="Headers\XR\UnityXRSubsystemTypes.h">
      <Filter>头文件</Filter>
    </ClInclude>
    <ClInclude Include="Headers\XR\UnityXRTypes.h">
      <Filter>头文件</Filter>
    </ClInclude>
    <ClInclude Include="Headers\IUnityGraphics.h">
      <Filter>头文件</Filter>
    </ClInclude>
    <ClInclude Include="Headers\IUnityGraphicsD3D11.h">
      <Filter>头文件</Filter>
    </ClInclude>
    <ClInclude Include="Headers\IUnityInterface.h">
      <Filter>头文件</Filter>
    </ClInclude>
    <ClInclude Include="Headers\IUnityRenderingExtensions.h">
      <Filter>头文件</Filter>
    </ClInclude>
    <ClInclude Include="Headers\XR\IUnityGraphics.h">
      <Filter>头文件</Filter>
    </ClInclude>
    <ClInclude Include="Headers\XR\IUnityGraphicsD3D11.h">
      <Filter>头文件</Filter>
    </ClInclude>
    <ClInclude Include="Headers\XR\IUnityInterface.h">
      <Filter>头文件</Filter>
    </ClInclude>
    <ClInclude Include="Headers\XR\IUnityRenderingExtensions.h">
      <Filter>头文件</Filter>
    </ClInclude>
    <ClInclude Include="display_captor.h">
      <Filter>头文件</Filter>
    </ClInclude>
    <ClInclude Include="timer.h">
      <Filter>头文件</Filter>
    </ClInclude>
    <ClInclude Include="EncoderUtil.h">
      <Filter>头文件</Filter>
    </ClInclude>
    <ClInclude Include="Encoder.h">
      <Filter>头文件</Filter>
    </ClInclude>
    <ClInclude Include="WriteLog.h">
      <Filter>源文件</Filter>
    </ClInclude>
    <ClInclude Include="YVR_Lib_Types.h">
      <Filter>头文件</Filter>
    </ClInclude>
    <ClInclude Include="YVRDisplayProvider.h">
      <Filter>源文件</Filter>
    </ClInclude>
    <ClInclude Include="YVRInputProvider.h">
      <Filter>源文件</Filter>
    </ClInclude>
    <ClInclude Include="ProviderContext.h">
      <Filter>源文件</Filter>
    </ClInclude>
    <ClInclude Include="Headers\pthread.h">
      <Filter>头文件</Filter>
    </ClInclude>
    <ClInclude Include="Headers\sched.h">
      <Filter>头文件</Filter>
    </ClInclude>
    <ClInclude Include="Headers\yvrtc_interface.h">
      <Filter>头文件</Filter>
    </ClInclude>
    <ClInclude Include="YVRTC.h">
      <Filter>源文件</Filter>
    </ClInclude>
    <ClInclude Include="YVRTrackingMgr.h">
      <Filter>源文件</Filter>
    </ClInclude>
  </ItemGroup>
  <ItemGroup>
    <ClCompile Include="ExampleDisplayProvider.cpp">
      <Filter>源文件</Filter>
    </ClCompile>
    <ClCompile Include="ExampleTrackingProvider.cpp">
      <Filter>源文件</Filter>
    </ClCompile>
    <ClCompile Include="Main.cpp">
      <Filter>源文件</Filter>
    </ClCompile>
    <ClCompile Include="EncoderUtil.cpp">
      <Filter>源文件</Filter>
    </ClCompile>
    <ClCompile Include="WriteLog.cpp">
      <Filter>源文件</Filter>
    </ClCompile>
    <ClCompile Include="YVRInputProvider.cpp">
      <Filter>源文件</Filter>
    </ClCompile>
    <ClCompile Include="Encoder.cpp">
      <Filter>源文件</Filter>
    </ClCompile>
    <ClCompile Include="YVRDisplayProvider.cpp">
      <Filter>源文件</Filter>
    </ClCompile>
    <ClCompile Include="YVRTC.cpp">
      <Filter>源文件</Filter>
    </ClCompile>
    <ClCompile Include="YVRTrackingMgr.cpp">
      <Filter>源文件</Filter>
    </ClCompile>
  </ItemGroup>
  <ItemGroup>
    <None Include="packages.config" />
  </ItemGroup>
  <ItemGroup>
    <Library Include="lib\DisplayCaptor.lib" />
    <Library Include="lib\libcrypto.lib" />
    <Library Include="lib\libssl.lib" />
    <Library Include="lib\nvencodeapi.lib" />
    <Library Include="lib\pthreadVC2.lib" />
    <Library Include="lib\srtp2.lib" />
    <Library Include="lib\YVRTCCore.lib" />
    <Library Include="lib\YVRTCEngine.lib" />
  </ItemGroup>
</Project>